// !$*UTF8*$!
{
	archiveVersion = 1;
	classes = {
	};
	objectVersion = 48;
	objects = {

/* Begin PBXBuildFile section */
		A4D5A579203710B60068BD57 /* Card.swift in Sources */ = {isa = PBXBuildFile; fileRef = A4D5A578203710B60068BD57 /* Card.swift */; };
		A4E4BAD220357D39005212A3 /* AppDelegate.swift in Sources */ = {isa = PBXBuildFile; fileRef = A4E4BAD120357D39005212A3 /* AppDelegate.swift */; };
		A4E4BAD420357D39005212A3 /* ViewController.swift in Sources */ = {isa = PBXBuildFile; fileRef = A4E4BAD320357D39005212A3 /* ViewController.swift */; };
		A4E4BAD720357D39005212A3 /* Main.storyboard in Resources */ = {isa = PBXBuildFile; fileRef = A4E4BAD520357D39005212A3 /* Main.storyboard */; };
		A4E4BAD920357D39005212A3 /* Assets.xcassets in Resources */ = {isa = PBXBuildFile; fileRef = A4E4BAD820357D39005212A3 /* Assets.xcassets */; };
		A4E4BADC20357D39005212A3 /* LaunchScreen.storyboard in Resources */ = {isa = PBXBuildFile; fileRef = A4E4BADA20357D39005212A3 /* LaunchScreen.storyboard */; };
		A4E4BAE420359247005212A3 /* GoogleService-Info.plist in Resources */ = {isa = PBXBuildFile; fileRef = A4E4BAE320359247005212A3 /* GoogleService-Info.plist */; };
		A4E4BAEA2035A527005212A3 /* CompetenceTableViewController.swift in Sources */ = {isa = PBXBuildFile; fileRef = A4E4BAE92035A527005212A3 /* CompetenceTableViewController.swift */; };
		EA0242A3CF3C2BAE8A9C32AB /* Pods_JuniorLeraar.framework in Frameworks */ = {isa = PBXBuildFile; fileRef = 44BADD22F308713B1863B043 /* Pods_JuniorLeraar.framework */; };
/* End PBXBuildFile section */

/* Begin PBXFileReference section */
		37A28997FF7C4E36CD53EB50 /* Pods-JuniorLeraar.release.xcconfig */ = {isa = PBXFileReference; includeInIndex = 1; lastKnownFileType = text.xcconfig; name = "Pods-JuniorLeraar.release.xcconfig"; path = "Pods/Target Support Files/Pods-JuniorLeraar/Pods-JuniorLeraar.release.xcconfig"; sourceTree = "<group>"; };
		44BADD22F308713B1863B043 /* Pods_JuniorLeraar.framework */ = {isa = PBXFileReference; explicitFileType = wrapper.framework; includeInIndex = 0; path = Pods_JuniorLeraar.framework; sourceTree = BUILT_PRODUCTS_DIR; };
		691B53134A140AB439C8AAAE /* Pods-JuniorLeraar.debug.xcconfig */ = {isa = PBXFileReference; includeInIndex = 1; lastKnownFileType = text.xcconfig; name = "Pods-JuniorLeraar.debug.xcconfig"; path = "Pods/Target Support Files/Pods-JuniorLeraar/Pods-JuniorLeraar.debug.xcconfig"; sourceTree = "<group>"; };
		A4D5A578203710B60068BD57 /* Card.swift */ = {isa = PBXFileReference; lastKnownFileType = sourcecode.swift; path = Card.swift; sourceTree = "<group>"; };
		A4E4BACE20357D39005212A3 /* JuniorLeraar.app */ = {isa = PBXFileReference; explicitFileType = wrapper.application; includeInIndex = 0; path = JuniorLeraar.app; sourceTree = BUILT_PRODUCTS_DIR; };
		A4E4BAD120357D39005212A3 /* AppDelegate.swift */ = {isa = PBXFileReference; lastKnownFileType = sourcecode.swift; path = AppDelegate.swift; sourceTree = "<group>"; };
		A4E4BAD320357D39005212A3 /* ViewController.swift */ = {isa = PBXFileReference; lastKnownFileType = sourcecode.swift; path = ViewController.swift; sourceTree = "<group>"; };
		A4E4BAD620357D39005212A3 /* Base */ = {isa = PBXFileReference; lastKnownFileType = file.storyboard; name = Base; path = Base.lproj/Main.storyboard; sourceTree = "<group>"; };
		A4E4BAD820357D39005212A3 /* Assets.xcassets */ = {isa = PBXFileReference; lastKnownFileType = folder.assetcatalog; path = Assets.xcassets; sourceTree = "<group>"; };
		A4E4BADB20357D39005212A3 /* Base */ = {isa = PBXFileReference; lastKnownFileType = file.storyboard; name = Base; path = Base.lproj/LaunchScreen.storyboard; sourceTree = "<group>"; };
		A4E4BADD20357D39005212A3 /* Info.plist */ = {isa = PBXFileReference; lastKnownFileType = text.plist.xml; path = Info.plist; sourceTree = "<group>"; };
		A4E4BAE320359247005212A3 /* GoogleService-Info.plist */ = {isa = PBXFileReference; fileEncoding = 4; lastKnownFileType = text.plist.xml; path = "GoogleService-Info.plist"; sourceTree = "<group>"; };
		A4E4BAE92035A527005212A3 /* CompetenceTableViewController.swift */ = {isa = PBXFileReference; lastKnownFileType = sourcecode.swift; path = CompetenceTableViewController.swift; sourceTree = "<group>"; };
/* End PBXFileReference section */

/* Begin PBXFrameworksBuildPhase section */
		A4E4BACB20357D39005212A3 /* Frameworks */ = {
			isa = PBXFrameworksBuildPhase;
			buildActionMask = 2147483647;
			files = (
				EA0242A3CF3C2BAE8A9C32AB /* Pods_JuniorLeraar.framework in Frameworks */,
			);
			runOnlyForDeploymentPostprocessing = 0;
		};
/* End PBXFrameworksBuildPhase section */

/* Begin PBXGroup section */
		2DF5724DC080926751B287CC /* Pods */ = {
			isa = PBXGroup;
			children = (
				691B53134A140AB439C8AAAE /* Pods-JuniorLeraar.debug.xcconfig */,
				37A28997FF7C4E36CD53EB50 /* Pods-JuniorLeraar.release.xcconfig */,
			);
			name = Pods;
			sourceTree = "<group>";
		};
		A0B8EC3F8F2B9848897EE2F6 /* Frameworks */ = {
			isa = PBXGroup;
			children = (
				44BADD22F308713B1863B043 /* Pods_JuniorLeraar.framework */,
			);
			name = Frameworks;
			sourceTree = "<group>";
		};
		A4D5A5772037104B0068BD57 /* Models */ = {
			isa = PBXGroup;
			children = (
				A4D5A578203710B60068BD57 /* Card.swift */,
			);
			path = Models;
			sourceTree = "<group>";
		};
		A4E4BAC520357D39005212A3 = {
			isa = PBXGroup;
			children = (
				A4E4BAD020357D39005212A3 /* JuniorLeraar */,
				A4E4BACF20357D39005212A3 /* Products */,
				2DF5724DC080926751B287CC /* Pods */,
				A0B8EC3F8F2B9848897EE2F6 /* Frameworks */,
			);
			sourceTree = "<group>";
		};
		A4E4BACF20357D39005212A3 /* Products */ = {
			isa = PBXGroup;
			children = (
				A4E4BACE20357D39005212A3 /* JuniorLeraar.app */,
			);
			name = Products;
			sourceTree = "<group>";
		};
		A4E4BAD020357D39005212A3 /* JuniorLeraar */ = {
			isa = PBXGroup;
			children = (
				A4D5A5772037104B0068BD57 /* Models */,
				A4E4BAE62035A490005212A3 /* Controllers */,
				A4E4BAE52035A47E005212A3 /* Storyboards */,
				A4E4BAE320359247005212A3 /* GoogleService-Info.plist */,
				A4E4BAD120357D39005212A3 /* AppDelegate.swift */,
				A4E4BAD820357D39005212A3 /* Assets.xcassets */,
				A4E4BADD20357D39005212A3 /* Info.plist */,
			);
			path = JuniorLeraar;
			sourceTree = "<group>";
		};
		A4E4BAE52035A47E005212A3 /* Storyboards */ = {
			isa = PBXGroup;
			children = (
				A4E4BAD520357D39005212A3 /* Main.storyboard */,
				A4E4BADA20357D39005212A3 /* LaunchScreen.storyboard */,
			);
			path = Storyboards;
			sourceTree = "<group>";
		};
		A4E4BAE62035A490005212A3 /* Controllers */ = {
			isa = PBXGroup;
			children = (
				A4E4BAD320357D39005212A3 /* ViewController.swift */,
				A4E4BAE92035A527005212A3 /* CompetenceTableViewController.swift */,
			);
			path = Controllers;
			sourceTree = "<group>";
		};
/* End PBXGroup section */

/* Begin PBXNativeTarget section */
		A4E4BACD20357D39005212A3 /* JuniorLeraar */ = {
			isa = PBXNativeTarget;
			buildConfigurationList = A4E4BAE020357D39005212A3 /* Build configuration list for PBXNativeTarget "JuniorLeraar" */;
			buildPhases = (
				1A4EEF83895719D739748B60 /* [CP] Check Pods Manifest.lock */,
				A4E4BACA20357D39005212A3 /* Sources */,
				A4E4BACB20357D39005212A3 /* Frameworks */,
				A4E4BACC20357D39005212A3 /* Resources */,
				DCE709AD4DB78E26C2D2F8BA /* [CP] Embed Pods Frameworks */,
				EE5C5F3D4D7F2359E7647F31 /* [CP] Copy Pods Resources */,
			);
			buildRules = (
			);
			dependencies = (
			);
			name = JuniorLeraar;
			productName = JuniorLeraar;
			productReference = A4E4BACE20357D39005212A3 /* JuniorLeraar.app */;
			productType = "com.apple.product-type.application";
		};
/* End PBXNativeTarget section */

/* Begin PBXProject section */
		A4E4BAC620357D39005212A3 /* Project object */ = {
			isa = PBXProject;
			attributes = {
				LastSwiftUpdateCheck = 0920;
				LastUpgradeCheck = 0920;
				ORGANIZATIONNAME = "Jasper Zwiers";
				TargetAttributes = {
					A4E4BACD20357D39005212A3 = {
						CreatedOnToolsVersion = 9.2;
						ProvisioningStyle = Automatic;
					};
				};
			};
			buildConfigurationList = A4E4BAC920357D39005212A3 /* Build configuration list for PBXProject "JuniorLeraar" */;
			compatibilityVersion = "Xcode 8.0";
			developmentRegion = en;
			hasScannedForEncodings = 0;
			knownRegions = (
				en,
				Base,
			);
			mainGroup = A4E4BAC520357D39005212A3;
			productRefGroup = A4E4BACF20357D39005212A3 /* Products */;
			projectDirPath = "";
			projectRoot = "";
			targets = (
				A4E4BACD20357D39005212A3 /* JuniorLeraar */,
			);
		};
/* End PBXProject section */

/* Begin PBXResourcesBuildPhase section */
		A4E4BACC20357D39005212A3 /* Resources */ = {
			isa = PBXResourcesBuildPhase;
			buildActionMask = 2147483647;
			files = (
				A4E4BADC20357D39005212A3 /* LaunchScreen.storyboard in Resources */,
				A4E4BAE420359247005212A3 /* GoogleService-Info.plist in Resources */,
				A4E4BAD920357D39005212A3 /* Assets.xcassets in Resources */,
				A4E4BAD720357D39005212A3 /* Main.storyboard in Resources */,
			);
			runOnlyForDeploymentPostprocessing = 0;
		};
/* End PBXResourcesBuildPhase section */

/* Begin PBXShellScriptBuildPhase section */
		1A4EEF83895719D739748B60 /* [CP] Check Pods Manifest.lock */ = {
			isa = PBXShellScriptBuildPhase;
			buildActionMask = 2147483647;
			files = (
			);
			inputPaths = (
				"${PODS_PODFILE_DIR_PATH}/Podfile.lock",
				"${PODS_ROOT}/Manifest.lock",
			);
			name = "[CP] Check Pods Manifest.lock";
			outputPaths = (
				"$(DERIVED_FILE_DIR)/Pods-JuniorLeraar-checkManifestLockResult.txt",
			);
			runOnlyForDeploymentPostprocessing = 0;
			shellPath = /bin/sh;
			shellScript = "diff \"${PODS_PODFILE_DIR_PATH}/Podfile.lock\" \"${PODS_ROOT}/Manifest.lock\" > /dev/null\nif [ $? != 0 ] ; then\n    # print error to STDERR\n    echo \"error: The sandbox is not in sync with the Podfile.lock. Run 'pod install' or update your CocoaPods installation.\" >&2\n    exit 1\nfi\n# This output is used by Xcode 'outputs' to avoid re-running this script phase.\necho \"SUCCESS\" > \"${SCRIPT_OUTPUT_FILE_0}\"\n";
			showEnvVarsInLog = 0;
		};
		DCE709AD4DB78E26C2D2F8BA /* [CP] Embed Pods Frameworks */ = {
			isa = PBXShellScriptBuildPhase;
			buildActionMask = 2147483647;
			files = (
			);
			inputPaths = (
				"${SRCROOT}/Pods/Target Support Files/Pods-JuniorLeraar/Pods-JuniorLeraar-frameworks.sh",
				"${BUILT_PRODUCTS_DIR}/GoogleToolboxForMac/GoogleToolboxForMac.framework",
				"${BUILT_PRODUCTS_DIR}/leveldb-library/leveldb.framework",
				"${BUILT_PRODUCTS_DIR}/nanopb/nanopb.framework",
			);
			name = "[CP] Embed Pods Frameworks";
			outputPaths = (
				"${TARGET_BUILD_DIR}/${FRAMEWORKS_FOLDER_PATH}/GoogleToolboxForMac.framework",
				"${TARGET_BUILD_DIR}/${FRAMEWORKS_FOLDER_PATH}/leveldb.framework",
				"${TARGET_BUILD_DIR}/${FRAMEWORKS_FOLDER_PATH}/nanopb.framework",
			);
			runOnlyForDeploymentPostprocessing = 0;
			shellPath = /bin/sh;
			shellScript = "\"${SRCROOT}/Pods/Target Support Files/Pods-JuniorLeraar/Pods-JuniorLeraar-frameworks.sh\"\n";
			showEnvVarsInLog = 0;
		};
		EE5C5F3D4D7F2359E7647F31 /* [CP] Copy Pods Resources */ = {
			isa = PBXShellScriptBuildPhase;
			buildActionMask = 2147483647;
			files = (
			);
			inputPaths = (
			);
			name = "[CP] Copy Pods Resources";
			outputPaths = (
			);
			runOnlyForDeploymentPostprocessing = 0;
			shellPath = /bin/sh;
			shellScript = "\"${SRCROOT}/Pods/Target Support Files/Pods-JuniorLeraar/Pods-JuniorLeraar-resources.sh\"\n";
			showEnvVarsInLog = 0;
		};
/* End PBXShellScriptBuildPhase section */

/* Begin PBXSourcesBuildPhase section */
		A4E4BACA20357D39005212A3 /* Sources */ = {
			isa = PBXSourcesBuildPhase;
			buildActionMask = 2147483647;
			files = (
				A4E4BAEA2035A527005212A3 /* CompetenceTableViewController.swift in Sources */,
				A4E4BAD420357D39005212A3 /* ViewController.swift in Sources */,
				A4E4BAD220357D39005212A3 /* AppDelegate.swift in Sources */,
				A4D5A579203710B60068BD57 /* Card.swift in Sources */,
			);
			runOnlyForDeploymentPostprocessing = 0;
		};
/* End PBXSourcesBuildPhase section */

/* Begin PBXVariantGroup section */
		A4E4BAD520357D39005212A3 /* Main.storyboard */ = {
			isa = PBXVariantGroup;
			children = (
				A4E4BAD620357D39005212A3 /* Base */,
			);
			name = Main.storyboard;
			sourceTree = "<group>";
		};
		A4E4BADA20357D39005212A3 /* LaunchScreen.storyboard */ = {
			isa = PBXVariantGroup;
			children = (
				A4E4BADB20357D39005212A3 /* Base */,
			);
			name = LaunchScreen.storyboard;
			sourceTree = "<group>";
		};
/* End PBXVariantGroup section */

/* Begin XCBuildConfiguration section */
		A4E4BADE20357D39005212A3 /* Debug */ = {
			isa = XCBuildConfiguration;
			buildSettings = {
				ALWAYS_SEARCH_USER_PATHS = NO;
				CLANG_ANALYZER_NONNULL = YES;
				CLANG_ANALYZER_NUMBER_OBJECT_CONVERSION = YES_AGGRESSIVE;
				CLANG_CXX_LANGUAGE_STANDARD = "gnu++14";
				CLANG_CXX_LIBRARY = "libc++";
				CLANG_ENABLE_MODULES = YES;
				CLANG_ENABLE_OBJC_ARC = YES;
				CLANG_WARN_BLOCK_CAPTURE_AUTORELEASING = YES;
				CLANG_WARN_BOOL_CONVERSION = YES;
				CLANG_WARN_COMMA = YES;
				CLANG_WARN_CONSTANT_CONVERSION = YES;
				CLANG_WARN_DIRECT_OBJC_ISA_USAGE = YES_ERROR;
				CLANG_WARN_DOCUMENTATION_COMMENTS = YES;
				CLANG_WARN_EMPTY_BODY = YES;
				CLANG_WARN_ENUM_CONVERSION = YES;
				CLANG_WARN_INFINITE_RECURSION = YES;
				CLANG_WARN_INT_CONVERSION = YES;
				CLANG_WARN_NON_LITERAL_NULL_CONVERSION = YES;
				CLANG_WARN_OBJC_LITERAL_CONVERSION = YES;
				CLANG_WARN_OBJC_ROOT_CLASS = YES_ERROR;
				CLANG_WARN_RANGE_LOOP_ANALYSIS = YES;
				CLANG_WARN_STRICT_PROTOTYPES = YES;
				CLANG_WARN_SUSPICIOUS_MOVE = YES;
				CLANG_WARN_UNGUARDED_AVAILABILITY = YES_AGGRESSIVE;
				CLANG_WARN_UNREACHABLE_CODE = YES;
				CLANG_WARN__DUPLICATE_METHOD_MATCH = YES;
				CODE_SIGN_IDENTITY = "iPhone Developer";
				COPY_PHASE_STRIP = NO;
				DEBUG_INFORMATION_FORMAT = dwarf;
				ENABLE_STRICT_OBJC_MSGSEND = YES;
				ENABLE_TESTABILITY = YES;
				GCC_C_LANGUAGE_STANDARD = gnu11;
				GCC_DYNAMIC_NO_PIC = NO;
				GCC_NO_COMMON_BLOCKS = YES;
				GCC_OPTIMIZATION_LEVEL = 0;
				GCC_PREPROCESSOR_DEFINITIONS = (
					"DEBUG=1",
					"$(inherited)",
				);
				GCC_WARN_64_TO_32_BIT_CONVERSION = YES;
				GCC_WARN_ABOUT_RETURN_TYPE = YES_ERROR;
				GCC_WARN_UNDECLARED_SELECTOR = YES;
				GCC_WARN_UNINITIALIZED_AUTOS = YES_AGGRESSIVE;
				GCC_WARN_UNUSED_FUNCTION = YES;
				GCC_WARN_UNUSED_VARIABLE = YES;
				IPHONEOS_DEPLOYMENT_TARGET = 11.2;
				MTL_ENABLE_DEBUG_INFO = YES;
				ONLY_ACTIVE_ARCH = YES;
				SDKROOT = iphoneos;
				SWIFT_ACTIVE_COMPILATION_CONDITIONS = DEBUG;
				SWIFT_OPTIMIZATION_LEVEL = "-Onone";
			};
			name = Debug;
		};
		A4E4BADF20357D39005212A3 /* Release */ = {
			isa = XCBuildConfiguration;
			buildSettings = {
				ALWAYS_SEARCH_USER_PATHS = NO;
				CLANG_ANALYZER_NONNULL = YES;
				CLANG_ANALYZER_NUMBER_OBJECT_CONVERSION = YES_AGGRESSIVE;
				CLANG_CXX_LANGUAGE_STANDARD = "gnu++14";
				CLANG_CXX_LIBRARY = "libc++";
				CLANG_ENABLE_MODULES = YES;
				CLANG_ENABLE_OBJC_ARC = YES;
				CLANG_WARN_BLOCK_CAPTURE_AUTORELEASING = YES;
				CLANG_WARN_BOOL_CONVERSION = YES;
				CLANG_WARN_COMMA = YES;
				CLANG_WARN_CONSTANT_CONVERSION = YES;
				CLANG_WARN_DIRECT_OBJC_ISA_USAGE = YES_ERROR;
				CLANG_WARN_DOCUMENTATION_COMMENTS = YES;
				CLANG_WARN_EMPTY_BODY = YES;
				CLANG_WARN_ENUM_CONVERSION = YES;
				CLANG_WARN_INFINITE_RECURSION = YES;
				CLANG_WARN_INT_CONVERSION = YES;
				CLANG_WARN_NON_LITERAL_NULL_CONVERSION = YES;
				CLANG_WARN_OBJC_LITERAL_CONVERSION = YES;
				CLANG_WARN_OBJC_ROOT_CLASS = YES_ERROR;
				CLANG_WARN_RANGE_LOOP_ANALYSIS = YES;
				CLANG_WARN_STRICT_PROTOTYPES = YES;
				CLANG_WARN_SUSPICIOUS_MOVE = YES;
				CLANG_WARN_UNGUARDED_AVAILABILITY = YES_AGGRESSIVE;
				CLANG_WARN_UNREACHABLE_CODE = YES;
				CLANG_WARN__DUPLICATE_METHOD_MATCH = YES;
				CODE_SIGN_IDENTITY = "iPhone Developer";
				COPY_PHASE_STRIP = NO;
				DEBUG_INFORMATION_FORMAT = "dwarf-with-dsym";
				ENABLE_NS_ASSERTIONS = NO;
				ENABLE_STRICT_OBJC_MSGSEND = YES;
				GCC_C_LANGUAGE_STANDARD = gnu11;
				GCC_NO_COMMON_BLOCKS = YES;
				GCC_WARN_64_TO_32_BIT_CONVERSION = YES;
				GCC_WARN_ABOUT_RETURN_TYPE = YES_ERROR;
				GCC_WARN_UNDECLARED_SELECTOR = YES;
				GCC_WARN_UNINITIALIZED_AUTOS = YES_AGGRESSIVE;
				GCC_WARN_UNUSED_FUNCTION = YES;
				GCC_WARN_UNUSED_VARIABLE = YES;
				IPHONEOS_DEPLOYMENT_TARGET = 11.2;
				MTL_ENABLE_DEBUG_INFO = NO;
				SDKROOT = iphoneos;
				SWIFT_OPTIMIZATION_LEVEL = "-Owholemodule";
				VALIDATE_PRODUCT = YES;
			};
			name = Release;
		};
		A4E4BAE120357D39005212A3 /* Debug */ = {
			isa = XCBuildConfiguration;
			baseConfigurationReference = 691B53134A140AB439C8AAAE /* Pods-JuniorLeraar.debug.xcconfig */;
			buildSettings = {
				ASSETCATALOG_COMPILER_APPICON_NAME = AppIcon;
				CODE_SIGN_STYLE = Automatic;
				DEVELOPMENT_TEAM = 4XANSSD56W;
				INFOPLIST_FILE = JuniorLeraar/Info.plist;
				IPHONEOS_DEPLOYMENT_TARGET = 10.0;
				LD_RUNPATH_SEARCH_PATHS = "$(inherited) @executable_path/Frameworks";
				PRODUCT_BUNDLE_IDENTIFIER = HvA.JuniorLeraar;
				PRODUCT_NAME = "$(TARGET_NAME)";
				SWIFT_VERSION = 4.0;
				TARGETED_DEVICE_FAMILY = "1,2";
			};
			name = Debug;
		};
		A4E4BAE220357D39005212A3 /* Release */ = {
			isa = XCBuildConfiguration;
			baseConfigurationReference = 37A28997FF7C4E36CD53EB50 /* Pods-JuniorLeraar.release.xcconfig */;
			buildSettings = {
				ASSETCATALOG_COMPILER_APPICON_NAME = AppIcon;
				CODE_SIGN_STYLE = Automatic;
				DEVELOPMENT_TEAM = 4XANSSD56W;
				INFOPLIST_FILE = JuniorLeraar/Info.plist;
				IPHONEOS_DEPLOYMENT_TARGET = 10.0;
				LD_RUNPATH_SEARCH_PATHS = "$(inherited) @executable_path/Frameworks";
				PRODUCT_BUNDLE_IDENTIFIER = HvA.JuniorLeraar;
				PRODUCT_NAME = "$(TARGET_NAME)";
				SWIFT_VERSION = 4.0;
				TARGETED_DEVICE_FAMILY = "1,2";
			};
			name = Release;
		};
/* End XCBuildConfiguration section */

/* Begin XCConfigurationList section */
		A4E4BAC920357D39005212A3 /* Build configuration list for PBXProject "JuniorLeraar" */ = {
			isa = XCConfigurationList;
			buildConfigurations = (
				A4E4BADE20357D39005212A3 /* Debug */,
				A4E4BADF20357D39005212A3 /* Release */,
			);
			defaultConfigurationIsVisible = 0;
			defaultConfigurationName = Release;
		};
		A4E4BAE020357D39005212A3 /* Build configuration list for PBXNativeTarget "JuniorLeraar" */ = {
			isa = XCConfigurationList;
			buildConfigurations = (
				A4E4BAE120357D39005212A3 /* Debug */,
				A4E4BAE220357D39005212A3 /* Release */,
			);
			defaultConfigurationIsVisible = 0;
			defaultConfigurationName = Release;
		};
/* End XCConfigurationList section */
	};
	rootObject = A4E4BAC620357D39005212A3 /* Project object */;
}
